
Microsoft Visual Studio Solution File, Format Version 12.00
# Visual Studio 15
Project("{FAE04EC0-301F-11D3-BF4B-00C04F79EFBC}") = "ResourceFramework", "ResourceFramework.csproj", "{358ACA70-F04F-42A0-EC12-62143C62E542}"
EndProject
Project("{FAE04EC0-301F-11D3-BF4B-00C04F79EFBC}") = "ResourceFramework.Editor", "ResourceFramework.Editor.csproj", "{E8B99A76-1E73-7A69-0A34-AF398B15DE51}"
EndProject
Global
	GlobalSection(SolutionConfigurationPlatforms) = preSolution
		Debug|Any CPU = Debug|Any CPU
		Release|Any CPU = Release|Any CPU
	EndGlobalSection
	GlobalSection(ProjectConfigurationPlatforms) = postSolution
		{358ACA70-F04F-42A0-EC12-62143C62E542}.Debug|Any CPU.ActiveCfg = Debug|Any CPU
		{358ACA70-F04F-42A0-EC12-62143C62E542}.Debug|Any CPU.Build.0 = Debug|Any CPU
		{358ACA70-F04F-42A0-EC12-62143C62E542}.Release|Any CPU.ActiveCfg = Release|Any CPU
		{358ACA70-F04F-42A0-EC12-62143C62E542}.Release|Any CPU.Build.0 = Release|Any CPU
		{E8B99A76-1E73-7A69-0A34-AF398B15DE51}.Debug|Any CPU.ActiveCfg = Debug|Any CPU
		{E8B99A76-1E73-7A69-0A34-AF398B15DE51}.Debug|Any CPU.Build.0 = Debug|Any CPU
		{E8B99A76-1E73-7A69-0A34-AF398B15DE51}.Release|Any CPU.ActiveCfg = Release|Any CPU
		{E8B99A76-1E73-7A69-0A34-AF398B15DE51}.Release|Any CPU.Build.0 = Release|Any CPU
	EndGlobalSection
	GlobalSection(SolutionProperties) = preSolution
		HideSolutionNode = FALSE
	EndGlobalSection
EndGlobal
